{
  "version": 4,
  "terraform_version": "1.6.0",
  "serial": 433,
  "lineage": "490e16a8-33a9-d0a6-cc35-d1a49bc243b5",
  "outputs": {},
  "resources": [
    {
      "mode": "managed",
      "type": "yandex_iam_service_account",
      "name": "momo-store-service-account",
      "provider": "provider[\"registry.terraform.io/yandex-cloud/yandex\"]",
      "instances": [
        {
          "schema_version": 0,
          "attributes": {
            "created_at": "2024-01-05T19:26:34Z",
            "description": "",
            "folder_id": "b1gufqscoktftd4rmvg5",
            "id": "ajeprjuamnn9vbn5j9d5",
            "name": "momo-store-service-account",
            "timeouts": null
          },
          "sensitive_attributes": [],
          "private": "eyJlMmJmYjczMC1lY2FhLTExZTYtOGY4OC0zNDM2M2JjN2M0YzAiOnsiY3JlYXRlIjo2MDAwMDAwMDAwMCwiZGVsZXRlIjo2MDAwMDAwMDAwMCwidXBkYXRlIjo2MDAwMDAwMDAwMH19"
        }
      ]
    },
    {
      "mode": "managed",
      "type": "yandex_kms_symmetric_key",
      "name": "kms-key",
      "provider": "provider[\"registry.terraform.io/yandex-cloud/yandex\"]",
      "instances": [
        {
          "schema_version": 1,
          "attributes": {
            "created_at": "2024-01-05T19:26:33Z",
            "default_algorithm": "AES_128",
            "deletion_protection": false,
            "description": "",
            "folder_id": "b1gufqscoktftd4rmvg5",
            "id": "abjbgdskhva5a25103bo",
            "labels": null,
            "name": "diplom-kube-kms-key",
            "rotated_at": "",
            "rotation_period": "8760h0m0s",
            "status": "active",
            "timeouts": null
          },
          "sensitive_attributes": [],
          "private": "eyJlMmJmYjczMC1lY2FhLTExZTYtOGY4OC0zNDM2M2JjN2M0YzAiOnsiY3JlYXRlIjo2MDAwMDAwMDAwMCwiZGVsZXRlIjo2MDAwMDAwMDAwMCwicmVhZCI6NjAwMDAwMDAwMDAsInVwZGF0ZSI6NjAwMDAwMDAwMDB9LCJzY2hlbWFfdmVyc2lvbiI6IjEifQ=="
        }
      ]
    },
    {
      "mode": "managed",
      "type": "yandex_kubernetes_cluster",
      "name": "momo-store-cluster",
      "provider": "provider[\"registry.terraform.io/yandex-cloud/yandex\"]",
      "instances": [
        {
          "schema_version": 0,
          "attributes": {
            "cluster_ipv4_range": "10.112.0.0/16",
            "cluster_ipv6_range": "",
            "created_at": "2024-01-05T19:26:51Z",
            "description": "",
            "folder_id": "b1gufqscoktftd4rmvg5",
            "health": "healthy",
            "id": "catuvgqe68p4hca51ugm",
            "kms_provider": [
              {
                "key_id": "abjbgdskhva5a25103bo"
              }
            ],
            "labels": {},
            "log_group_id": "",
            "master": [
              {
                "cluster_ca_certificate": "-----BEGIN CERTIFICATE-----\nMIIC5zCCAc+gAwIBAgIBADANBgkqhkiG9w0BAQsFADAVMRMwEQYDVQQDEwprdWJl\ncm5ldGVzMB4XDTI0MDEwNTE5MjY1N1oXDTM0MDEwMjE5MjY1N1owFTETMBEGA1UE\nAxMKa3ViZXJuZXRlczCCASIwDQYJKoZIhvcNAQEBBQADggEPADCCAQoCggEBAMPU\nBIUKFXWeVKJz0Nnj1YBR05GcxFXoBFAH1EVT0s88/Yh8mYIaXggGmQrH1hfre5w2\ncNrKZuFU0fOBgLpmm9koqOuo3kMvKssYz8Zm0EumTB3/5ysLby11GvOgH/U6mR19\nIsTKHcGE2/Dyjzny5r/GemRXbOv71X9c1qUf2BrJTvFD/ghwg2zsussXfHddslGQ\nrfnBQGwh96ZBVQlgILncofZtys7P42W1Y/jvGtPLpNIqu0W0RhTBQV3YND6oeyvB\nvMX4U3aCdbUNZXBFTBiUUfkuvLM2wsDFkdy8uPxTKtP3PnNtIAH0Ev4pbE+5aYyy\nMN0kkWWr3nyUvZOt+uECAwEAAaNCMEAwDgYDVR0PAQH/BAQDAgKkMA8GA1UdEwEB\n/wQFMAMBAf8wHQYDVR0OBBYEFJLrZZLssHkOc5Ki+dMZUPPpcx5KMA0GCSqGSIb3\nDQEBCwUAA4IBAQBntpdfKQyN1wfDFE14dKN3Pe0fPs36lCiYM9voHQunAIo2iilk\nDYLmtXZWerbtrJBobtFRm5bjU0t4tvWFm398gWpNNiAoi8ufJ9WYaHSJCK9WA0Gu\nLFmFLBltzu/XkUz1dxloo9RD1qnmjJ5IVES6wiizx8M0JtXQSufRHfGIpdAW6qH3\nV+Y319XwwUQpb7LnZXL8JdGCsh4TYlQVBngb34r+1scaNkhTWeGRFYSa3KuKp7Uf\nfKkU4ERTiHsMHNBCVJ86XuKSNU8aNEbxsLjc3U+lmKODeWuiYlnqMWotgBVQXsAT\nlexj31d4GSJHEuTOAoD2cTgUqdFtEhDUSnKS\n-----END CERTIFICATE-----\n",
                "etcd_cluster_size": 1,
                "external_v4_address": "51.250.69.85",
                "external_v4_endpoint": "https://51.250.69.85",
                "external_v6_address": "",
                "external_v6_endpoint": "",
                "internal_v4_address": "10.1.0.4",
                "internal_v4_endpoint": "https://10.1.0.4",
                "maintenance_policy": [
                  {
                    "auto_upgrade": true,
                    "maintenance_window": []
                  }
                ],
                "master_location": [
                  {
                    "subnet_id": "e9beer698mnbuqpb52cn",
                    "zone": "ru-central1-a"
                  }
                ],
                "master_logging": [],
                "public_ip": true,
                "regional": [],
                "security_group_ids": [
                  "enpci1td1fqnla5pkqn5"
                ],
                "version": "1.25",
                "version_info": [
                  {
                    "current_version": "1.25",
                    "new_revision_available": false,
                    "new_revision_summary": "",
                    "version_deprecated": false
                  }
                ],
                "zonal": [
                  {
                    "subnet_id": "e9beer698mnbuqpb52cn",
                    "zone": "ru-central1-a"
                  }
                ]
              }
            ],
            "name": "momo-store-cluster",
            "network_id": "enptvf36n3jcf1ap574t",
            "network_implementation": [],
            "network_policy_provider": null,
            "node_ipv4_cidr_mask_size": 24,
            "node_service_account_id": "ajeprjuamnn9vbn5j9d5",
            "release_channel": "REGULAR",
            "service_account_id": "ajeprjuamnn9vbn5j9d5",
            "service_ipv4_range": "10.96.0.0/16",
            "service_ipv6_range": "",
            "status": "running",
            "timeouts": null
          },
          "sensitive_attributes": [],
          "private": "eyJlMmJmYjczMC1lY2FhLTExZTYtOGY4OC0zNDM2M2JjN2M0YzAiOnsiY3JlYXRlIjoxODAwMDAwMDAwMDAwLCJkZWxldGUiOjEyMDAwMDAwMDAwMDAsInJlYWQiOjMwMDAwMDAwMDAwMCwidXBkYXRlIjoxODAwMDAwMDAwMDAwfX0=",
          "dependencies": [
            "yandex_iam_service_account.momo-store-service-account",
            "yandex_kms_symmetric_key.kms-key",
            "yandex_resourcemanager_folder_iam_member.encrypterDecrypter",
            "yandex_resourcemanager_folder_iam_member.images-puller",
            "yandex_resourcemanager_folder_iam_member.k8s-clusters-agent",
            "yandex_resourcemanager_folder_iam_member.vpc-public-admin",
            "yandex_vpc_network.momo-store-network",
            "yandex_vpc_security_group.k8s-public-services",
            "yandex_vpc_subnet.momo-store-network-subnet"
          ]
        }
      ]
    },
    {
      "mode": "managed",
      "type": "yandex_kubernetes_node_group",
      "name": "momo-store-groups-node",
      "provider": "provider[\"registry.terraform.io/yandex-cloud/yandex\"]",
      "instances": [
        {
          "schema_version": 0,
          "attributes": {
            "allocation_policy": [
              {
                "location": [
                  {
                    "subnet_id": "e9beer698mnbuqpb52cn",
                    "zone": "ru-central1-a"
                  }
                ]
              }
            ],
            "allowed_unsafe_sysctls": null,
            "cluster_id": "catuvgqe68p4hca51ugm",
            "created_at": "2024-01-05T19:34:25Z",
            "deploy_policy": [
              {
                "max_expansion": 3,
                "max_unavailable": 0
              }
            ],
            "description": "",
            "id": "catl56q3p2744ce1qffs",
            "instance_group_id": "cl101d1lj8ct801c2tbg",
            "instance_template": [
              {
                "boot_disk": [
                  {
                    "size": 30,
                    "type": "network-hdd"
                  }
                ],
                "container_network": [
                  {
                    "pod_mtu": 0
                  }
                ],
                "container_runtime": [
                  {
                    "type": "containerd"
                  }
                ],
                "gpu_settings": [],
                "labels": null,
                "metadata": {},
                "name": "",
                "nat": true,
                "network_acceleration_type": "type_unspecified",
                "network_interface": [
                  {
                    "ipv4": true,
                    "ipv4_dns_records": [],
                    "ipv6": false,
                    "ipv6_dns_records": [],
                    "nat": true,
                    "security_group_ids": [
                      "enpci1td1fqnla5pkqn5"
                    ],
                    "subnet_ids": [
                      "e9beer698mnbuqpb52cn"
                    ]
                  }
                ],
                "placement_policy": [],
                "platform_id": "standard-v3",
                "resources": [
                  {
                    "core_fraction": 20,
                    "cores": 4,
                    "gpus": 0,
                    "memory": 4
                  }
                ],
                "scheduling_policy": [
                  {
                    "preemptible": false
                  }
                ]
              }
            ],
            "labels": {
              "key": "value"
            },
            "maintenance_policy": [
              {
                "auto_repair": true,
                "auto_upgrade": true,
                "maintenance_window": [
                  {
                    "day": "friday",
                    "duration": "4h30m",
                    "start_time": "10:00"
                  },
                  {
                    "day": "monday",
                    "duration": "3h",
                    "start_time": "15:00"
                  }
                ]
              }
            ],
            "name": "diplom-kube-nodes",
            "node_labels": null,
            "node_taints": null,
            "scale_policy": [
              {
                "auto_scale": [
                  {
                    "initial": 1,
                    "max": 2,
                    "min": 1
                  }
                ],
                "fixed_scale": []
              }
            ],
            "status": "running",
            "timeouts": null,
            "version": "1.25",
            "version_info": [
              {
                "current_version": "1.25",
                "new_revision_available": false,
                "new_revision_summary": "",
                "version_deprecated": false
              }
            ]
          },
          "sensitive_attributes": [],
          "private": "eyJlMmJmYjczMC1lY2FhLTExZTYtOGY4OC0zNDM2M2JjN2M0YzAiOnsiY3JlYXRlIjozNjAwMDAwMDAwMDAwLCJkZWxldGUiOjEyMDAwMDAwMDAwMDAsInJlYWQiOjYwMDAwMDAwMDAwMCwidXBkYXRlIjozNjAwMDAwMDAwMDAwfX0=",
          "dependencies": [
            "yandex_iam_service_account.momo-store-service-account",
            "yandex_kms_symmetric_key.kms-key",
            "yandex_kubernetes_cluster.momo-store-cluster",
            "yandex_resourcemanager_folder_iam_member.encrypterDecrypter",
            "yandex_resourcemanager_folder_iam_member.images-puller",
            "yandex_resourcemanager_folder_iam_member.k8s-clusters-agent",
            "yandex_resourcemanager_folder_iam_member.vpc-public-admin",
            "yandex_vpc_network.momo-store-network",
            "yandex_vpc_security_group.k8s-public-services",
            "yandex_vpc_subnet.momo-store-network-subnet"
          ]
        }
      ]
    },
    {
      "mode": "managed",
      "type": "yandex_resourcemanager_folder_iam_binding",
      "name": "admin-binding",
      "provider": "provider[\"registry.terraform.io/yandex-cloud/yandex\"]",
      "instances": [
        {
          "schema_version": 0,
          "attributes": {
            "folder_id": "b1gufqscoktftd4rmvg5",
            "id": "b1gufqscoktftd4rmvg5/admin",
            "members": [
              "serviceAccount:ajeprjuamnn9vbn5j9d5"
            ],
            "role": "admin",
            "sleep_after": null,
            "timeouts": null
          },
          "sensitive_attributes": [],
          "private": "eyJlMmJmYjczMC1lY2FhLTExZTYtOGY4OC0zNDM2M2JjN2M0YzAiOnsiY3JlYXRlIjo2MDAwMDAwMDAwMCwiZGVmYXVsdCI6NjAwMDAwMDAwMDAsImRlbGV0ZSI6NjAwMDAwMDAwMDAsInJlYWQiOjYwMDAwMDAwMDAwLCJ1cGRhdGUiOjYwMDAwMDAwMDAwfX0=",
          "dependencies": [
            "yandex_iam_service_account.momo-store-service-account"
          ]
        }
      ]
    },
    {
      "mode": "managed",
      "type": "yandex_resourcemanager_folder_iam_binding",
      "name": "vpc-public-admin",
      "provider": "provider[\"registry.terraform.io/yandex-cloud/yandex\"]",
      "instances": [
        {
          "schema_version": 0,
          "attributes": {
            "folder_id": "b1gufqscoktftd4rmvg5",
            "id": "b1gufqscoktftd4rmvg5/editor",
            "members": [
              "serviceAccount:ajeprjuamnn9vbn5j9d5"
            ],
            "role": "editor",
            "sleep_after": null,
            "timeouts": null
          },
          "sensitive_attributes": [],
          "private": "eyJlMmJmYjczMC1lY2FhLTExZTYtOGY4OC0zNDM2M2JjN2M0YzAiOnsiY3JlYXRlIjo2MDAwMDAwMDAwMCwiZGVmYXVsdCI6NjAwMDAwMDAwMDAsImRlbGV0ZSI6NjAwMDAwMDAwMDAsInJlYWQiOjYwMDAwMDAwMDAwLCJ1cGRhdGUiOjYwMDAwMDAwMDAwfX0=",
          "dependencies": [
            "yandex_iam_service_account.momo-store-service-account"
          ]
        }
      ]
    },
    {
      "mode": "managed",
      "type": "yandex_resourcemanager_folder_iam_member",
      "name": "encrypterDecrypter",
      "provider": "provider[\"registry.terraform.io/yandex-cloud/yandex\"]",
      "instances": [
        {
          "schema_version": 0,
          "attributes": {
            "folder_id": "b1gufqscoktftd4rmvg5",
            "id": "b1gufqscoktftd4rmvg5/kms.keys.encrypterDecrypter/serviceAccount:ajeprjuamnn9vbn5j9d5",
            "member": "serviceAccount:ajeprjuamnn9vbn5j9d5",
            "role": "kms.keys.encrypterDecrypter",
            "sleep_after": null,
            "timeouts": null
          },
          "sensitive_attributes": [],
          "private": "eyJlMmJmYjczMC1lY2FhLTExZTYtOGY4OC0zNDM2M2JjN2M0YzAiOnsiY3JlYXRlIjo2MDAwMDAwMDAwMCwiZGVmYXVsdCI6NjAwMDAwMDAwMDAsImRlbGV0ZSI6NjAwMDAwMDAwMDAsInJlYWQiOjYwMDAwMDAwMDAwLCJ1cGRhdGUiOjYwMDAwMDAwMDAwfX0=",
          "dependencies": [
            "yandex_iam_service_account.momo-store-service-account"
          ]
        }
      ]
    },
    {
      "mode": "managed",
      "type": "yandex_resourcemanager_folder_iam_member",
      "name": "images-puller",
      "provider": "provider[\"registry.terraform.io/yandex-cloud/yandex\"]",
      "instances": [
        {
          "schema_version": 0,
          "attributes": {
            "folder_id": "b1gufqscoktftd4rmvg5",
            "id": "b1gufqscoktftd4rmvg5/container-registry.images.puller/serviceAccount:ajeprjuamnn9vbn5j9d5",
            "member": "serviceAccount:ajeprjuamnn9vbn5j9d5",
            "role": "container-registry.images.puller",
            "sleep_after": null,
            "timeouts": null
          },
          "sensitive_attributes": [],
          "private": "eyJlMmJmYjczMC1lY2FhLTExZTYtOGY4OC0zNDM2M2JjN2M0YzAiOnsiY3JlYXRlIjo2MDAwMDAwMDAwMCwiZGVmYXVsdCI6NjAwMDAwMDAwMDAsImRlbGV0ZSI6NjAwMDAwMDAwMDAsInJlYWQiOjYwMDAwMDAwMDAwLCJ1cGRhdGUiOjYwMDAwMDAwMDAwfX0=",
          "dependencies": [
            "yandex_iam_service_account.momo-store-service-account"
          ]
        }
      ]
    },
    {
      "mode": "managed",
      "type": "yandex_resourcemanager_folder_iam_member",
      "name": "k8s-clusters-agent",
      "provider": "provider[\"registry.terraform.io/yandex-cloud/yandex\"]",
      "instances": [
        {
          "schema_version": 0,
          "attributes": {
            "folder_id": "b1gufqscoktftd4rmvg5",
            "id": "b1gufqscoktftd4rmvg5/k8s.clusters.agent/serviceAccount:ajeprjuamnn9vbn5j9d5",
            "member": "serviceAccount:ajeprjuamnn9vbn5j9d5",
            "role": "k8s.clusters.agent",
            "sleep_after": null,
            "timeouts": null
          },
          "sensitive_attributes": [],
          "private": "eyJlMmJmYjczMC1lY2FhLTExZTYtOGY4OC0zNDM2M2JjN2M0YzAiOnsiY3JlYXRlIjo2MDAwMDAwMDAwMCwiZGVmYXVsdCI6NjAwMDAwMDAwMDAsImRlbGV0ZSI6NjAwMDAwMDAwMDAsInJlYWQiOjYwMDAwMDAwMDAwLCJ1cGRhdGUiOjYwMDAwMDAwMDAwfX0=",
          "dependencies": [
            "yandex_iam_service_account.momo-store-service-account"
          ]
        }
      ]
    },
    {
      "mode": "managed",
      "type": "yandex_resourcemanager_folder_iam_member",
      "name": "vpc-public-admin",
      "provider": "provider[\"registry.terraform.io/yandex-cloud/yandex\"]",
      "instances": [
        {
          "schema_version": 0,
          "attributes": {
            "folder_id": "b1gufqscoktftd4rmvg5",
            "id": "b1gufqscoktftd4rmvg5/vpc.publicAdmin/serviceAccount:ajeprjuamnn9vbn5j9d5",
            "member": "serviceAccount:ajeprjuamnn9vbn5j9d5",
            "role": "vpc.publicAdmin",
            "sleep_after": null,
            "timeouts": null
          },
          "sensitive_attributes": [],
          "private": "eyJlMmJmYjczMC1lY2FhLTExZTYtOGY4OC0zNDM2M2JjN2M0YzAiOnsiY3JlYXRlIjo2MDAwMDAwMDAwMCwiZGVmYXVsdCI6NjAwMDAwMDAwMDAsImRlbGV0ZSI6NjAwMDAwMDAwMDAsInJlYWQiOjYwMDAwMDAwMDAwLCJ1cGRhdGUiOjYwMDAwMDAwMDAwfX0=",
          "dependencies": [
            "yandex_iam_service_account.momo-store-service-account"
          ]
        }
      ]
    },
    {
      "mode": "managed",
      "type": "yandex_vpc_network",
      "name": "momo-store-network",
      "provider": "provider[\"registry.terraform.io/yandex-cloud/yandex\"]",
      "instances": [
        {
          "schema_version": 0,
          "attributes": {
            "created_at": "2024-01-05T19:26:33Z",
            "default_security_group_id": "enps1tj9vdatr5gr7e98",
            "description": "",
            "folder_id": "b1gufqscoktftd4rmvg5",
            "id": "enptvf36n3jcf1ap574t",
            "labels": {},
            "name": "momo-store-network",
            "subnet_ids": [],
            "timeouts": null
          },
          "sensitive_attributes": [],
          "private": "eyJlMmJmYjczMC1lY2FhLTExZTYtOGY4OC0zNDM2M2JjN2M0YzAiOnsiY3JlYXRlIjo2MDAwMDAwMDAwMCwiZGVsZXRlIjo2MDAwMDAwMDAwMCwidXBkYXRlIjo2MDAwMDAwMDAwMH19"
        }
      ]
    },
    {
      "mode": "managed",
      "type": "yandex_vpc_security_group",
      "name": "k8s-public-services",
      "provider": "provider[\"registry.terraform.io/yandex-cloud/yandex\"]",
      "instances": [
        {
          "schema_version": 0,
          "attributes": {
            "created_at": "2024-01-05T19:26:38Z",
            "description": "Правила группы разрешают подключение к сервисам из интернета. Примените правила только для групп узлов.",
            "egress": [
              {
                "description": "Правило разрешает весь исходящий трафик. Узлы могут связаться с Yandex Container Registry, Yandex Object Storage, Docker Hub и т. д.",
                "from_port": 0,
                "id": "enpdodjv6njhgad7pvo2",
                "labels": {},
                "port": -1,
                "predefined_target": "",
                "protocol": "ANY",
                "security_group_id": "",
                "to_port": 65535,
                "v4_cidr_blocks": [
                  "0.0.0.0/0"
                ],
                "v6_cidr_blocks": []
              }
            ],
            "folder_id": "b1gufqscoktftd4rmvg5",
            "id": "enpci1td1fqnla5pkqn5",
            "ingress": [
              {
                "description": "Правило разрешает взаимодействие мастер-узел и узел-узел внутри группы безопасности.",
                "from_port": 0,
                "id": "enpb0tmoplqq0ctbj9n4",
                "labels": {},
                "port": -1,
                "predefined_target": "self_security_group",
                "protocol": "ANY",
                "security_group_id": "",
                "to_port": 65535,
                "v4_cidr_blocks": [],
                "v6_cidr_blocks": []
              },
              {
                "description": "Правило разрешает взаимодействие под-под и сервис-сервис. Укажите подсети вашего кластера Managed Service for Kubernetes и сервисов.",
                "from_port": 0,
                "id": "enp7213reognl4g71rel",
                "labels": {},
                "port": -1,
                "predefined_target": "",
                "protocol": "ANY",
                "security_group_id": "",
                "to_port": 65535,
                "v4_cidr_blocks": [
                  "10.1.0.0/16"
                ],
                "v6_cidr_blocks": []
              },
              {
                "description": "Правило разрешает входящий трафик из интернета на диапазон портов NodePort. Добавьте или измените порты на нужные вам.",
                "from_port": 0,
                "id": "enptsbqljif6c8nqfeuo",
                "labels": {},
                "port": -1,
                "predefined_target": "",
                "protocol": "TCP",
                "security_group_id": "",
                "to_port": 65535,
                "v4_cidr_blocks": [
                  "0.0.0.0/0"
                ],
                "v6_cidr_blocks": []
              },
              {
                "description": "Правило разрешает отладочные ICMP-пакеты из внутренних подсетей.",
                "from_port": -1,
                "id": "enppb40gv8t1ob15cl8k",
                "labels": {},
                "port": -1,
                "predefined_target": "",
                "protocol": "ICMP",
                "security_group_id": "",
                "to_port": -1,
                "v4_cidr_blocks": [
                  "10.0.0.0/8",
                  "172.16.0.0/12",
                  "192.168.0.0/16"
                ],
                "v6_cidr_blocks": []
              },
              {
                "description": "Правило разрешает проверки доступности с диапазона адресов балансировщика нагрузки. Нужно для работы отказоустойчивого кластера Managed Service for Kubernetes и сервисов балансировщика.",
                "from_port": 0,
                "id": "enp015r7i27d4ppqb9b7",
                "labels": {},
                "port": -1,
                "predefined_target": "loadbalancer_healthchecks",
                "protocol": "TCP",
                "security_group_id": "",
                "to_port": 65535,
                "v4_cidr_blocks": [],
                "v6_cidr_blocks": []
              }
            ],
            "labels": {},
            "name": "k8s-public-services",
            "network_id": "enptvf36n3jcf1ap574t",
            "status": "ACTIVE",
            "timeouts": null
          },
          "sensitive_attributes": [],
          "private": "eyJlMmJmYjczMC1lY2FhLTExZTYtOGY4OC0zNDM2M2JjN2M0YzAiOnsiY3JlYXRlIjoxODAwMDAwMDAwMDAsImRlbGV0ZSI6MTgwMDAwMDAwMDAwLCJ1cGRhdGUiOjE4MDAwMDAwMDAwMH19",
          "dependencies": [
            "yandex_vpc_network.momo-store-network",
            "yandex_vpc_subnet.momo-store-network-subnet"
          ]
        }
      ]
    },
    {
      "mode": "managed",
      "type": "yandex_vpc_subnet",
      "name": "momo-store-network-subnet",
      "provider": "provider[\"registry.terraform.io/yandex-cloud/yandex\"]",
      "instances": [
        {
          "schema_version": 0,
          "attributes": {
            "created_at": "2024-01-05T19:26:36Z",
            "description": "",
            "dhcp_options": [],
            "folder_id": "b1gufqscoktftd4rmvg5",
            "id": "e9beer698mnbuqpb52cn",
            "labels": {},
            "name": "momo-store-network-subnet",
            "network_id": "enptvf36n3jcf1ap574t",
            "route_table_id": "",
            "timeouts": null,
            "v4_cidr_blocks": [
              "10.1.0.0/16"
            ],
            "v6_cidr_blocks": [],
            "zone": "ru-central1-a"
          },
          "sensitive_attributes": [],
          "private": "eyJlMmJmYjczMC1lY2FhLTExZTYtOGY4OC0zNDM2M2JjN2M0YzAiOnsiY3JlYXRlIjoxODAwMDAwMDAwMDAsImRlbGV0ZSI6MTgwMDAwMDAwMDAwLCJ1cGRhdGUiOjE4MDAwMDAwMDAwMH19",
          "dependencies": [
            "yandex_vpc_network.momo-store-network"
          ]
        }
      ]
    }
  ],
  "check_results": null
}
